{
  "name": "hcl-validator",
  "lockfileVersion": 2,
  "requires": true,
  "packages": {
    "": {
      "dependencies": {
        "js-hcl-parser": "^1.0.1"
      }
    },
    "node_modules/js-hcl-parser": {
      "version": "1.0.1",
      "resolved": "https://registry.npmjs.org/js-hcl-parser/-/js-hcl-parser-1.0.1.tgz",
      "integrity": "sha512-fCs/gex31g5FYiXItz6UJBJpKnQoRE7+B3yVv6YqPKce9/k/a0QlJXjoicfvt8jGLy8CHKJ641RXe93xSZCM7A=="
    }
  },
  "dependencies": {
    "js-hcl-parser": {
      "version": "1.0.1",
      "resolved": "https://registry.npmjs.org/js-hcl-parser/-/js-hcl-parser-1.0.1.tgz",
      "integrity": "sha512-fCs/gex31g5FYiXItz6UJBJpKnQoRE7+B3yVv6YqPKce9/k/a0QlJXjoicfvt8jGLy8CHKJ641RXe93xSZCM7A=="
    }
  }
}
